
Microsoft Visual Studio Solution File, Format Version 12.00
# Visual Studio Version 16
VisualStudioVersion = 16.0.31410.357
MinimumVisualStudioVersion = 10.0.40219.1
Project("{9A19103F-16F7-4668-BE54-9A1E7A4F7556}") = "WebApi", "src\WebApi\WebApi.csproj", "{6C40C23F-6698-47AE-AA15-5E7C86497585}"
EndProject
Project("{9A19103F-16F7-4668-BE54-9A1E7A4F7556}") = "WebApi.Data", "src\WebApi.Data\WebApi.Data.csproj", "{240C8F34-ED74-4E97-B63F-8917390597F9}"
EndProject
Project("{9A19103F-16F7-4668-BE54-9A1E7A4F7556}") = "WebApi.Core", "src\WebApi.Core\WebApi.Core.csproj", "{54923A98-4EE8-4322-AAD9-1DDD2D7F9BE1}"
EndProject
Project("{FAE04EC0-301F-11D3-BF4B-00C04F79EFBC}") = "Test", "Test\Test.csproj", "{C3C94D0C-9C0F-47B5-8067-B8B30B8899D3}"
EndProject
Global
	GlobalSection(SolutionConfigurationPlatforms) = preSolution
		Debug|Any CPU = Debug|Any CPU
		Release|Any CPU = Release|Any CPU
	EndGlobalSection
	GlobalSection(ProjectConfigurationPlatforms) = postSolution
		{6C40C23F-6698-47AE-AA15-5E7C86497585}.Debug|Any CPU.ActiveCfg = Debug|Any CPU
		{6C40C23F-6698-47AE-AA15-5E7C86497585}.Debug|Any CPU.Build.0 = Debug|Any CPU
		{6C40C23F-6698-47AE-AA15-5E7C86497585}.Release|Any CPU.ActiveCfg = Release|Any CPU
		{6C40C23F-6698-47AE-AA15-5E7C86497585}.Release|Any CPU.Build.0 = Release|Any CPU
		{240C8F34-ED74-4E97-B63F-8917390597F9}.Debug|Any CPU.ActiveCfg = Debug|Any CPU
		{240C8F34-ED74-4E97-B63F-8917390597F9}.Debug|Any CPU.Build.0 = Debug|Any CPU
		{240C8F34-ED74-4E97-B63F-8917390597F9}.Release|Any CPU.ActiveCfg = Release|Any CPU
		{240C8F34-ED74-4E97-B63F-8917390597F9}.Release|Any CPU.Build.0 = Release|Any CPU
		{54923A98-4EE8-4322-AAD9-1DDD2D7F9BE1}.Debug|Any CPU.ActiveCfg = Debug|Any CPU
		{54923A98-4EE8-4322-AAD9-1DDD2D7F9BE1}.Debug|Any CPU.Build.0 = Debug|Any CPU
		{54923A98-4EE8-4322-AAD9-1DDD2D7F9BE1}.Release|Any CPU.ActiveCfg = Release|Any CPU
		{54923A98-4EE8-4322-AAD9-1DDD2D7F9BE1}.Release|Any CPU.Build.0 = Release|Any CPU
		{C3C94D0C-9C0F-47B5-8067-B8B30B8899D3}.Debug|Any CPU.ActiveCfg = Debug|Any CPU
		{C3C94D0C-9C0F-47B5-8067-B8B30B8899D3}.Debug|Any CPU.Build.0 = Debug|Any CPU
		{C3C94D0C-9C0F-47B5-8067-B8B30B8899D3}.Release|Any CPU.ActiveCfg = Release|Any CPU
		{C3C94D0C-9C0F-47B5-8067-B8B30B8899D3}.Release|Any CPU.Build.0 = Release|Any CPU
	EndGlobalSection
	GlobalSection(SolutionProperties) = preSolution
		HideSolutionNode = FALSE
	EndGlobalSection
	GlobalSection(ExtensibilityGlobals) = postSolution
		SolutionGuid = {6E7AFD8D-1772-4B22-A500-FAC9B20D74A6}
	EndGlobalSection
EndGlobal
